// !$*UTF8*$!
{
	archiveVersion = 1;
	classes = {
	};
	objectVersion = 56;
	objects = {

/* Begin PBXBuildFile section */
		E714439F2A0A3651002F6182 /* AppDelegate.swift in Sources */ = {isa = PBXBuildFile; fileRef = E714439E2A0A3651002F6182 /* AppDelegate.swift */; };
		E71443A12A0A3651002F6182 /* SceneDelegate.swift in Sources */ = {isa = PBXBuildFile; fileRef = E71443A02A0A3651002F6182 /* SceneDelegate.swift */; };
		E71443A32A0A3651002F6182 /* RelatedAnimation.swift in Sources */ = {isa = PBXBuildFile; fileRef = E71443A22A0A3651002F6182 /* RelatedAnimation.swift */; };
		E71443A62A0A3651002F6182 /* Main.storyboard in Resources */ = {isa = PBXBuildFile; fileRef = E71443A42A0A3651002F6182 /* Main.storyboard */; };
		E71443A82A0A3652002F6182 /* Assets.xcassets in Resources */ = {isa = PBXBuildFile; fileRef = E71443A72A0A3652002F6182 /* Assets.xcassets */; };
		E71443AB2A0A3652002F6182 /* LaunchScreen.storyboard in Resources */ = {isa = PBXBuildFile; fileRef = E71443A92A0A3652002F6182 /* LaunchScreen.storyboard */; };
		E71443B42A0BACDA002F6182 /* ThreeButtons.swift in Sources */ = {isa = PBXBuildFile; fileRef = E71443B32A0BACDA002F6182 /* ThreeButtons.swift */; };
		E71443B82A0BE35B002F6182 /* GradientAndShadow.swift in Sources */ = {isa = PBXBuildFile; fileRef = E71443B72A0BE35B002F6182 /* GradientAndShadow.swift */; };
		E71443BA2A0BE3FE002F6182 /* Mixertable.swift in Sources */ = {isa = PBXBuildFile; fileRef = E71443B92A0BE3FE002F6182 /* Mixertable.swift */; };
		E7B4A2222A114C66008653D0 /* CompactController.swift in Sources */ = {isa = PBXBuildFile; fileRef = E7B4A2212A114C66008653D0 /* CompactController.swift */; };
		E7F116D42A14C0E400744662 /* Inertial Square.swift in Sources */ = {isa = PBXBuildFile; fileRef = E7F116D32A14C0E400744662 /* Inertial Square.swift */; };
/* End PBXBuildFile section */

/* Begin PBXFileReference section */
		E714439B2A0A3651002F6182 /* Sparrow Quests.app */ = {isa = PBXFileReference; explicitFileType = wrapper.application; includeInIndex = 0; path = "Sparrow Quests.app"; sourceTree = BUILT_PRODUCTS_DIR; };
		E714439E2A0A3651002F6182 /* AppDelegate.swift */ = {isa = PBXFileReference; lastKnownFileType = sourcecode.swift; path = AppDelegate.swift; sourceTree = "<group>"; };
		E71443A02A0A3651002F6182 /* SceneDelegate.swift */ = {isa = PBXFileReference; lastKnownFileType = sourcecode.swift; path = SceneDelegate.swift; sourceTree = "<group>"; };
		E71443A22A0A3651002F6182 /* RelatedAnimation.swift */ = {isa = PBXFileReference; lastKnownFileType = sourcecode.swift; path = RelatedAnimation.swift; sourceTree = "<group>"; };
		E71443A52A0A3651002F6182 /* Base */ = {isa = PBXFileReference; lastKnownFileType = file.storyboard; name = Base; path = Base.lproj/Main.storyboard; sourceTree = "<group>"; };
		E71443A72A0A3652002F6182 /* Assets.xcassets */ = {isa = PBXFileReference; lastKnownFileType = folder.assetcatalog; path = Assets.xcassets; sourceTree = "<group>"; };
		E71443AA2A0A3652002F6182 /* Base */ = {isa = PBXFileReference; lastKnownFileType = file.storyboard; name = Base; path = Base.lproj/LaunchScreen.storyboard; sourceTree = "<group>"; };
		E71443AC2A0A3652002F6182 /* Info.plist */ = {isa = PBXFileReference; lastKnownFileType = text.plist.xml; path = Info.plist; sourceTree = "<group>"; };
		E71443B32A0BACDA002F6182 /* ThreeButtons.swift */ = {isa = PBXFileReference; lastKnownFileType = sourcecode.swift; path = ThreeButtons.swift; sourceTree = "<group>"; };
		E71443B72A0BE35B002F6182 /* GradientAndShadow.swift */ = {isa = PBXFileReference; lastKnownFileType = sourcecode.swift; path = GradientAndShadow.swift; sourceTree = "<group>"; };
		E71443B92A0BE3FE002F6182 /* Mixertable.swift */ = {isa = PBXFileReference; lastKnownFileType = sourcecode.swift; path = Mixertable.swift; sourceTree = "<group>"; };
		E7B4A2212A114C66008653D0 /* CompactController.swift */ = {isa = PBXFileReference; lastKnownFileType = sourcecode.swift; path = CompactController.swift; sourceTree = "<group>"; };
		E7F116D32A14C0E400744662 /* Inertial Square.swift */ = {isa = PBXFileReference; lastKnownFileType = sourcecode.swift; path = "Inertial Square.swift"; sourceTree = "<group>"; };
/* End PBXFileReference section */

/* Begin PBXFrameworksBuildPhase section */
		E71443982A0A3651002F6182 /* Frameworks */ = {
			isa = PBXFrameworksBuildPhase;
			buildActionMask = 2147483647;
			files = (
			);
			runOnlyForDeploymentPostprocessing = 0;
		};
/* End PBXFrameworksBuildPhase section */

/* Begin PBXGroup section */
		E71443922A0A3650002F6182 = {
			isa = PBXGroup;
			children = (
				E714439D2A0A3651002F6182 /* Sparrow Quests */,
				E714439C2A0A3651002F6182 /* Products */,
			);
			sourceTree = "<group>";
		};
		E714439C2A0A3651002F6182 /* Products */ = {
			isa = PBXGroup;
			children = (
				E714439B2A0A3651002F6182 /* Sparrow Quests.app */,
			);
			name = Products;
			sourceTree = "<group>";
		};
		E714439D2A0A3651002F6182 /* Sparrow Quests */ = {
			isa = PBXGroup;
			children = (
				E71443B62A0BE351002F6182 /* Quest 1. Gradient And Shadow */,
				E71443B52A0BACFA002F6182 /* Quest 2. Three Buttons */,
				E71443B22A0A4CF7002F6182 /* Quest 3. Related Animation */,
				E7B4A2202A114BAB008653D0 /* Quest 4. Mixer Table */,
				E7B4A2452A125F09008653D0 /* Quest 5. Compact Controller */,
				E7F116D22A14C0C100744662 /* Quest 6. Inertial Square */,
				E714439E2A0A3651002F6182 /* AppDelegate.swift */,
				E71443A02A0A3651002F6182 /* SceneDelegate.swift */,
				E71443A42A0A3651002F6182 /* Main.storyboard */,
				E71443A72A0A3652002F6182 /* Assets.xcassets */,
				E71443A92A0A3652002F6182 /* LaunchScreen.storyboard */,
				E71443AC2A0A3652002F6182 /* Info.plist */,
			);
			path = "Sparrow Quests";
			sourceTree = "<group>";
		};
		E71443B22A0A4CF7002F6182 /* Quest 3. Related Animation */ = {
			isa = PBXGroup;
			children = (
				E71443A22A0A3651002F6182 /* RelatedAnimation.swift */,
			);
			path = "Quest 3. Related Animation";
			sourceTree = "<group>";
		};
		E71443B52A0BACFA002F6182 /* Quest 2. Three Buttons */ = {
			isa = PBXGroup;
			children = (
				E71443B32A0BACDA002F6182 /* ThreeButtons.swift */,
			);
			path = "Quest 2. Three Buttons";
			sourceTree = "<group>";
		};
		E71443B62A0BE351002F6182 /* Quest 1. Gradient And Shadow */ = {
			isa = PBXGroup;
			children = (
				E71443B72A0BE35B002F6182 /* GradientAndShadow.swift */,
			);
			path = "Quest 1. Gradient And Shadow";
			sourceTree = "<group>";
		};
		E7B4A2202A114BAB008653D0 /* Quest 4. Mixer Table */ = {
			isa = PBXGroup;
			children = (
				E71443B92A0BE3FE002F6182 /* Mixertable.swift */,
			);
			path = "Quest 4. Mixer Table";
			sourceTree = "<group>";
		};
		E7B4A2452A125F09008653D0 /* Quest 5. Compact Controller */ = {
			isa = PBXGroup;
			children = (
				E7B4A2212A114C66008653D0 /* CompactController.swift */,
			);
			path = "Quest 5. Compact Controller";
			sourceTree = "<group>";
		};
		E7F116D22A14C0C100744662 /* Quest 6. Inertial Square */ = {
			isa = PBXGroup;
			children = (
				E7F116D32A14C0E400744662 /* Inertial Square.swift */,
			);
			path = "Quest 6. Inertial Square";
			sourceTree = "<group>";
		};
/* End PBXGroup section */

/* Begin PBXNativeTarget section */
		E714439A2A0A3651002F6182 /* Sparrow Quests */ = {
			isa = PBXNativeTarget;
			buildConfigurationList = E71443AF2A0A3652002F6182 /* Build configuration list for PBXNativeTarget "Sparrow Quests" */;
			buildPhases = (
				E71443972A0A3651002F6182 /* Sources */,
				E71443982A0A3651002F6182 /* Frameworks */,
				E71443992A0A3651002F6182 /* Resources */,
			);
			buildRules = (
			);
			dependencies = (
			);
			name = "Sparrow Quests";
			productName = "Sparrow Quests";
			productReference = E714439B2A0A3651002F6182 /* Sparrow Quests.app */;
			productType = "com.apple.product-type.application";
		};
/* End PBXNativeTarget section */

/* Begin PBXProject section */
		E71443932A0A3650002F6182 /* Project object */ = {
			isa = PBXProject;
			attributes = {
				BuildIndependentTargetsInParallel = 1;
				LastSwiftUpdateCheck = 1430;
				LastUpgradeCheck = 1430;
				TargetAttributes = {
					E714439A2A0A3651002F6182 = {
						CreatedOnToolsVersion = 14.3;
					};
				};
			};
			buildConfigurationList = E71443962A0A3650002F6182 /* Build configuration list for PBXProject "Sparrow Quests" */;
			compatibilityVersion = "Xcode 14.0";
			developmentRegion = en;
			hasScannedForEncodings = 0;
			knownRegions = (
				en,
				Base,
			);
			mainGroup = E71443922A0A3650002F6182;
			productRefGroup = E714439C2A0A3651002F6182 /* Products */;
			projectDirPath = "";
			projectRoot = "";
			targets = (
				E714439A2A0A3651002F6182 /* Sparrow Quests */,
			);
		};
/* End PBXProject section */

/* Begin PBXResourcesBuildPhase section */
		E71443992A0A3651002F6182 /* Resources */ = {
			isa = PBXResourcesBuildPhase;
			buildActionMask = 2147483647;
			files = (
				E71443AB2A0A3652002F6182 /* LaunchScreen.storyboard in Resources */,
				E71443A82A0A3652002F6182 /* Assets.xcassets in Resources */,
				E71443A62A0A3651002F6182 /* Main.storyboard in Resources */,
			);
			runOnlyForDeploymentPostprocessing = 0;
		};
/* End PBXResourcesBuildPhase section */

/* Begin PBXSourcesBuildPhase section */
		E71443972A0A3651002F6182 /* Sources */ = {
			isa = PBXSourcesBuildPhase;
			buildActionMask = 2147483647;
			files = (
				E71443BA2A0BE3FE002F6182 /* Mixertable.swift in Sources */,
				E71443B82A0BE35B002F6182 /* GradientAndShadow.swift in Sources */,
				E71443A32A0A3651002F6182 /* RelatedAnimation.swift in Sources */,
				E71443B42A0BACDA002F6182 /* ThreeButtons.swift in Sources */,
				E7B4A2222A114C66008653D0 /* CompactController.swift in Sources */,
				E7F116D42A14C0E400744662 /* Inertial Square.swift in Sources */,
				E714439F2A0A3651002F6182 /* AppDelegate.swift in Sources */,
				E71443A12A0A3651002F6182 /* SceneDelegate.swift in Sources */,
			);
			runOnlyForDeploymentPostprocessing = 0;
		};
/* End PBXSourcesBuildPhase section */

/* Begin PBXVariantGroup section */
		E71443A42A0A3651002F6182 /* Main.storyboard */ = {
			isa = PBXVariantGroup;
			children = (
				E71443A52A0A3651002F6182 /* Base */,
			);
			name = Main.storyboard;
			sourceTree = "<group>";
		};
		E71443A92A0A3652002F6182 /* LaunchScreen.storyboard */ = {
			isa = PBXVariantGroup;
			children = (
				E71443AA2A0A3652002F6182 /* Base */,
			);
			name = LaunchScreen.storyboard;
			sourceTree = "<group>";
		};
/* End PBXVariantGroup section */

/* Begin XCBuildConfiguration section */
		E71443AD2A0A3652002F6182 /* Debug */ = {
			isa = XCBuildConfiguration;
			buildSettings = {
				ALWAYS_SEARCH_USER_PATHS = NO;
				CLANG_ANALYZER_NONNULL = YES;
				CLANG_ANALYZER_NUMBER_OBJECT_CONVERSION = YES_AGGRESSIVE;
				CLANG_CXX_LANGUAGE_STANDARD = "gnu++20";
				CLANG_ENABLE_MODULES = YES;
				CLANG_ENABLE_OBJC_ARC = YES;
				CLANG_ENABLE_OBJC_WEAK = YES;
				CLANG_WARN_BLOCK_CAPTURE_AUTORELEASING = YES;
				CLANG_WARN_BOOL_CONVERSION = YES;
				CLANG_WARN_COMMA = YES;
				CLANG_WARN_CONSTANT_CONVERSION = YES;
				CLANG_WARN_DEPRECATED_OBJC_IMPLEMENTATIONS = YES;
				CLANG_WARN_DIRECT_OBJC_ISA_USAGE = YES_ERROR;
				CLANG_WARN_DOCUMENTATION_COMMENTS = YES;
				CLANG_WARN_EMPTY_BODY = YES;
				CLANG_WARN_ENUM_CONVERSION = YES;
				CLANG_WARN_INFINITE_RECURSION = YES;
				CLANG_WARN_INT_CONVERSION = YES;
				CLANG_WARN_NON_LITERAL_NULL_CONVERSION = YES;
				CLANG_WARN_OBJC_IMPLICIT_RETAIN_SELF = YES;
				CLANG_WARN_OBJC_LITERAL_CONVERSION = YES;
				CLANG_WARN_OBJC_ROOT_CLASS = YES_ERROR;
				CLANG_WARN_QUOTED_INCLUDE_IN_FRAMEWORK_HEADER = YES;
				CLANG_WARN_RANGE_LOOP_ANALYSIS = YES;
				CLANG_WARN_STRICT_PROTOTYPES = YES;
				CLANG_WARN_SUSPICIOUS_MOVE = YES;
				CLANG_WARN_UNGUARDED_AVAILABILITY = YES_AGGRESSIVE;
				CLANG_WARN_UNREACHABLE_CODE = YES;
				CLANG_WARN__DUPLICATE_METHOD_MATCH = YES;
				COPY_PHASE_STRIP = NO;
				DEBUG_INFORMATION_FORMAT = dwarf;
				ENABLE_STRICT_OBJC_MSGSEND = YES;
				ENABLE_TESTABILITY = YES;
				GCC_C_LANGUAGE_STANDARD = gnu11;
				GCC_DYNAMIC_NO_PIC = NO;
				GCC_NO_COMMON_BLOCKS = YES;
				GCC_OPTIMIZATION_LEVEL = 0;
				GCC_PREPROCESSOR_DEFINITIONS = (
					"DEBUG=1",
					"$(inherited)",
				);
				GCC_WARN_64_TO_32_BIT_CONVERSION = YES;
				GCC_WARN_ABOUT_RETURN_TYPE = YES_ERROR;
				GCC_WARN_UNDECLARED_SELECTOR = YES;
				GCC_WARN_UNINITIALIZED_AUTOS = YES_AGGRESSIVE;
				GCC_WARN_UNUSED_FUNCTION = YES;
				GCC_WARN_UNUSED_VARIABLE = YES;
				IPHONEOS_DEPLOYMENT_TARGET = 16.4;
				MTL_ENABLE_DEBUG_INFO = INCLUDE_SOURCE;
				MTL_FAST_MATH = YES;
				ONLY_ACTIVE_ARCH = YES;
				SDKROOT = iphoneos;
				SWIFT_ACTIVE_COMPILATION_CONDITIONS = DEBUG;
				SWIFT_OPTIMIZATION_LEVEL = "-Onone";
			};
			name = Debug;
		};
		E71443AE2A0A3652002F6182 /* Release */ = {
			isa = XCBuildConfiguration;
			buildSettings = {
				ALWAYS_SEARCH_USER_PATHS = NO;
				CLANG_ANALYZER_NONNULL = YES;
				CLANG_ANALYZER_NUMBER_OBJECT_CONVERSION = YES_AGGRESSIVE;
				CLANG_CXX_LANGUAGE_STANDARD = "gnu++20";
				CLANG_ENABLE_MODULES = YES;
				CLANG_ENABLE_OBJC_ARC = YES;
				CLANG_ENABLE_OBJC_WEAK = YES;
				CLANG_WARN_BLOCK_CAPTURE_AUTORELEASING = YES;
				CLANG_WARN_BOOL_CONVERSION = YES;
				CLANG_WARN_COMMA = YES;
				CLANG_WARN_CONSTANT_CONVERSION = YES;
				CLANG_WARN_DEPRECATED_OBJC_IMPLEMENTATIONS = YES;
				CLANG_WARN_DIRECT_OBJC_ISA_USAGE = YES_ERROR;
				CLANG_WARN_DOCUMENTATION_COMMENTS = YES;
				CLANG_WARN_EMPTY_BODY = YES;
				CLANG_WARN_ENUM_CONVERSION = YES;
				CLANG_WARN_INFINITE_RECURSION = YES;
				CLANG_WARN_INT_CONVERSION = YES;
				CLANG_WARN_NON_LITERAL_NULL_CONVERSION = YES;
				CLANG_WARN_OBJC_IMPLICIT_RETAIN_SELF = YES;
				CLANG_WARN_OBJC_LITERAL_CONVERSION = YES;
				CLANG_WARN_OBJC_ROOT_CLASS = YES_ERROR;
				CLANG_WARN_QUOTED_INCLUDE_IN_FRAMEWORK_HEADER = YES;
				CLANG_WARN_RANGE_LOOP_ANALYSIS = YES;
				CLANG_WARN_STRICT_PROTOTYPES = YES;
				CLANG_WARN_SUSPICIOUS_MOVE = YES;
				CLANG_WARN_UNGUARDED_AVAILABILITY = YES_AGGRESSIVE;
				CLANG_WARN_UNREACHABLE_CODE = YES;
				CLANG_WARN__DUPLICATE_METHOD_MATCH = YES;
				COPY_PHASE_STRIP = NO;
				DEBUG_INFORMATION_FORMAT = "dwarf-with-dsym";
				ENABLE_NS_ASSERTIONS = NO;
				ENABLE_STRICT_OBJC_MSGSEND = YES;
				GCC_C_LANGUAGE_STANDARD = gnu11;
				GCC_NO_COMMON_BLOCKS = YES;
				GCC_WARN_64_TO_32_BIT_CONVERSION = YES;
				GCC_WARN_ABOUT_RETURN_TYPE = YES_ERROR;
				GCC_WARN_UNDECLARED_SELECTOR = YES;
				GCC_WARN_UNINITIALIZED_AUTOS = YES_AGGRESSIVE;
				GCC_WARN_UNUSED_FUNCTION = YES;
				GCC_WARN_UNUSED_VARIABLE = YES;
				IPHONEOS_DEPLOYMENT_TARGET = 16.4;
				MTL_ENABLE_DEBUG_INFO = NO;
				MTL_FAST_MATH = YES;
				SDKROOT = iphoneos;
				SWIFT_COMPILATION_MODE = wholemodule;
				SWIFT_OPTIMIZATION_LEVEL = "-O";
				VALIDATE_PRODUCT = YES;
			};
			name = Release;
		};
		E71443B02A0A3652002F6182 /* Debug */ = {
			isa = XCBuildConfiguration;
			buildSettings = {
				ASSETCATALOG_COMPILER_APPICON_NAME = AppIcon;
				ASSETCATALOG_COMPILER_GLOBAL_ACCENT_COLOR_NAME = AccentColor;
				CODE_SIGN_STYLE = Automatic;
				CURRENT_PROJECT_VERSION = 1;
				DEVELOPMENT_TEAM = 34Y25UH26M;
				GENERATE_INFOPLIST_FILE = YES;
				INFOPLIST_FILE = "Sparrow Quests/Info.plist";
				INFOPLIST_KEY_UIApplicationSupportsIndirectInputEvents = YES;
				INFOPLIST_KEY_UILaunchStoryboardName = LaunchScreen;
				INFOPLIST_KEY_UIMainStoryboardFile = Main;
				INFOPLIST_KEY_UISupportedInterfaceOrientations_iPad = "UIInterfaceOrientationPortrait UIInterfaceOrientationPortraitUpsideDown UIInterfaceOrientationLandscapeLeft UIInterfaceOrientationLandscapeRight";
				INFOPLIST_KEY_UISupportedInterfaceOrientations_iPhone = "UIInterfaceOrientationPortrait UIInterfaceOrientationLandscapeLeft UIInterfaceOrientationLandscapeRight";
				LD_RUNPATH_SEARCH_PATHS = (
					"$(inherited)",
					"@executable_path/Frameworks",
				);
				MARKETING_VERSION = 1.0;
				PRODUCT_BUNDLE_IDENTIFIER = "dev.berestnev.Sparrow-Quests";
				PRODUCT_NAME = "$(TARGET_NAME)";
				SWIFT_EMIT_LOC_STRINGS = YES;
				SWIFT_VERSION = 5.0;
				TARGETED_DEVICE_FAMILY = "1,2";
			};
			name = Debug;
		};
		E71443B12A0A3652002F6182 /* Release */ = {
			isa = XCBuildConfiguration;
			buildSettings = {
				ASSETCATALOG_COMPILER_APPICON_NAME = AppIcon;
				ASSETCATALOG_COMPILER_GLOBAL_ACCENT_COLOR_NAME = AccentColor;
				CODE_SIGN_STYLE = Automatic;
				CURRENT_PROJECT_VERSION = 1;
				DEVELOPMENT_TEAM = 34Y25UH26M;
				GENERATE_INFOPLIST_FILE = YES;
				INFOPLIST_FILE = "Sparrow Quests/Info.plist";
				INFOPLIST_KEY_UIApplicationSupportsIndirectInputEvents = YES;
				INFOPLIST_KEY_UILaunchStoryboardName = LaunchScreen;
				INFOPLIST_KEY_UIMainStoryboardFile = Main;
				INFOPLIST_KEY_UISupportedInterfaceOrientations_iPad = "UIInterfaceOrientationPortrait UIInterfaceOrientationPortraitUpsideDown UIInterfaceOrientationLandscapeLeft UIInterfaceOrientationLandscapeRight";
				INFOPLIST_KEY_UISupportedInterfaceOrientations_iPhone = "UIInterfaceOrientationPortrait UIInterfaceOrientationLandscapeLeft UIInterfaceOrientationLandscapeRight";
				LD_RUNPATH_SEARCH_PATHS = (
					"$(inherited)",
					"@executable_path/Frameworks",
				);
				MARKETING_VERSION = 1.0;
				PRODUCT_BUNDLE_IDENTIFIER = "dev.berestnev.Sparrow-Quests";
				PRODUCT_NAME = "$(TARGET_NAME)";
				SWIFT_EMIT_LOC_STRINGS = YES;
				SWIFT_VERSION = 5.0;
				TARGETED_DEVICE_FAMILY = "1,2";
			};
			name = Release;
		};
/* End XCBuildConfiguration section */

/* Begin XCConfigurationList section */
		E71443962A0A3650002F6182 /* Build configuration list for PBXProject "Sparrow Quests" */ = {
			isa = XCConfigurationList;
			buildConfigurations = (
				E71443AD2A0A3652002F6182 /* Debug */,
				E71443AE2A0A3652002F6182 /* Release */,
			);
			defaultConfigurationIsVisible = 0;
			defaultConfigurationName = Release;
		};
		E71443AF2A0A3652002F6182 /* Build configuration list for PBXNativeTarget "Sparrow Quests" */ = {
			isa = XCConfigurationList;
			buildConfigurations = (
				E71443B02A0A3652002F6182 /* Debug */,
				E71443B12A0A3652002F6182 /* Release */,
			);
			defaultConfigurationIsVisible = 0;
			defaultConfigurationName = Release;
		};
/* End XCConfigurationList section */
	};
	rootObject = E71443932A0A3650002F6182 /* Project object */;
}
